
Microsoft Visual Studio Solution File, Format Version 12.00
# Visual Studio Version 17
VisualStudioVersion = 17.11.35208.52
MinimumVisualStudioVersion = 10.0.40219.1
Project("{FAE04EC0-301F-11D3-BF4B-00C04F79EFBC}") = "Liblab1", "Liblab1\Liblab1.csproj", "{97BD292A-8E0D-4D3D-96F7-0784CF65BCDC}"
EndProject
Project("{FAE04EC0-301F-11D3-BF4B-00C04F79EFBC}") = "Liblab1.Test", "Liblab1.Test\Liblab1.Test.csproj", "{53698DB6-773E-4456-8215-4AADE0C2FC32}"
EndProject
Global
	GlobalSection(SolutionConfigurationPlatforms) = preSolution
		Debug|Any CPU = Debug|Any CPU
		Release|Any CPU = Release|Any CPU
	EndGlobalSection
	GlobalSection(ProjectConfigurationPlatforms) = postSolution
		{97BD292A-8E0D-4D3D-96F7-0784CF65BCDC}.Debug|Any CPU.ActiveCfg = Debug|Any CPU
		{97BD292A-8E0D-4D3D-96F7-0784CF65BCDC}.Debug|Any CPU.Build.0 = Debug|Any CPU
		{97BD292A-8E0D-4D3D-96F7-0784CF65BCDC}.Release|Any CPU.ActiveCfg = Release|Any CPU
		{97BD292A-8E0D-4D3D-96F7-0784CF65BCDC}.Release|Any CPU.Build.0 = Release|Any CPU
		{53698DB6-773E-4456-8215-4AADE0C2FC32}.Debug|Any CPU.ActiveCfg = Debug|Any CPU
		{53698DB6-773E-4456-8215-4AADE0C2FC32}.Debug|Any CPU.Build.0 = Debug|Any CPU
		{53698DB6-773E-4456-8215-4AADE0C2FC32}.Release|Any CPU.ActiveCfg = Release|Any CPU
		{53698DB6-773E-4456-8215-4AADE0C2FC32}.Release|Any CPU.Build.0 = Release|Any CPU
	EndGlobalSection
	GlobalSection(SolutionProperties) = preSolution
		HideSolutionNode = FALSE
	EndGlobalSection
	GlobalSection(ExtensibilityGlobals) = postSolution
		SolutionGuid = {CE84622D-B121-47BE-945E-4ADAA725D2B4}
	EndGlobalSection
EndGlobal
